<?xml version="1.0" encoding="utf-8"?>
<Project ToolsVersion="4.0" xmlns="http://schemas.microsoft.com/developer/msbuild/2003">
  <ItemGroup>
    <Filter Include="window">
      <UniqueIdentifier>{d0a4179d-c061-400c-a34d-b6025968cd50}</UniqueIdentifier>
    </Filter>
    <Filter Include="ImGuiHelper">
      <UniqueIdentifier>{bc3593dc-9351-4a4f-94ee-a1114b1c556b}</UniqueIdentifier>
    </Filter>
    <Filter Include="ImGui">
      <UniqueIdentifier>{5c100a07-c48e-4b97-b552-103f9d6b2362}</UniqueIdentifier>
    </Filter>
    <Filter Include="glad">
      <UniqueIdentifier>{ddfe2a24-7cac-408b-8eda-d7438d45b3b2}</UniqueIdentifier>
    </Filter>
    <Filter Include="ImGui\backend">
      <UniqueIdentifier>{7c2fc0c3-c16e-4945-bef2-4db53e7b5b8e}</UniqueIdentifier>
    </Filter>
    <Filter Include="CS200_OPENGL_CODE">
      <UniqueIdentifier>{3aeb9c35-a8f9-410b-a458-a9670c6bd7d3}</UniqueIdentifier>
    </Filter>
    <Filter Include="Shader">
      <UniqueIdentifier>{2452fcb7-3d72-4e94-a698-5caa06c233f8}</UniqueIdentifier>
    </Filter>
    <Filter Include="CS200_OPENGL_CODE\angle">
      <UniqueIdentifier>{c3ea89f2-8f3f-470d-9493-c667459b07f1}</UniqueIdentifier>
    </Filter>
    <Filter Include="CS200_OPENGL_CODE\color">
      <UniqueIdentifier>{7b206aa5-908f-4210-99a7-070a7b2d6a5e}</UniqueIdentifier>
    </Filter>
    <Filter Include="CS200_OPENGL_CODE\glCheck">
      <UniqueIdentifier>{72554aa3-0332-473b-8257-53b75e02ee3e}</UniqueIdentifier>
    </Filter>
    <Filter Include="CS200_OPENGL_CODE\handle">
      <UniqueIdentifier>{cc9ceaf1-8a49-462a-b52d-cdfb3ae354fa}</UniqueIdentifier>
    </Filter>
    <Filter Include="CS200_OPENGL_CODE\IndexBuffer">
      <UniqueIdentifier>{27e55ad4-60ca-4bec-bc1c-6b738edcb25f}</UniqueIdentifier>
    </Filter>
    <Filter Include="CS200_OPENGL_CODE\Shader">
      <UniqueIdentifier>{9631e865-1e6c-47cf-aff1-cb5348f65e88}</UniqueIdentifier>
    </Filter>
    <Filter Include="CS200_OPENGL_CODE\VertexArray">
      <UniqueIdentifier>{6d61fbaf-40fe-4189-b155-670557153701}</UniqueIdentifier>
    </Filter>
    <Filter Include="CS200_OPENGL_CODE\VertexBuffer">
      <UniqueIdentifier>{bdcc97dd-0f20-4f04-bdac-ecce5995bf0e}</UniqueIdentifier>
    </Filter>
    <Filter Include="CS200_OPENGL_CODE\mat3">
      <UniqueIdentifier>{d06e596e-5ef3-4ff3-b319-a4cf0e5a98a4}</UniqueIdentifier>
    </Filter>
    <Filter Include="CS200_OPENGL_CODE\not_null">
      <UniqueIdentifier>{13788cca-5912-4a22-8f25-bbee054176ee}</UniqueIdentifier>
    </Filter>
    <Filter Include="CS200_OPENGL_CODE\ownership">
      <UniqueIdentifier>{42abeafd-e19e-480b-af23-ea67b6421c52}</UniqueIdentifier>
    </Filter>
    <Filter Include="CS200_OPENGL_CODE\Random">
      <UniqueIdentifier>{cba12197-3128-49f5-a80d-7b87408be469}</UniqueIdentifier>
    </Filter>
    <Filter Include="CS200_OPENGL_CODE\Vector">
      <UniqueIdentifier>{c61cdb83-2bfa-4cee-8d74-bf50ca9fa833}</UniqueIdentifier>
    </Filter>
  </ItemGroup>
  <ItemGroup>
    <ClInclude Include="include\ImGuiHelper.h">
      <Filter>ImGuiHelper</Filter>
    </ClInclude>
    <ClInclude Include="include\imconfig.h">
      <Filter>ImGui</Filter>
    </ClInclude>
    <ClInclude Include="include\imgui.h">
      <Filter>ImGui</Filter>
    </ClInclude>
    <ClInclude Include="include\imgui_internal.h">
      <Filter>ImGui</Filter>
    </ClInclude>
    <ClInclude Include="include\imstb_rectpack.h">
      <Filter>ImGui</Filter>
    </ClInclude>
    <ClInclude Include="include\imstb_textedit.h">
      <Filter>ImGui</Filter>
    </ClInclude>
    <ClInclude Include="include\imstb_truetype.h">
      <Filter>ImGui</Filter>
    </ClInclude>
    <ClInclude Include="include\opengl-window.h">
      <Filter>window</Filter>
    </ClInclude>
    <ClInclude Include="include\glad\glad.h">
      <Filter>glad</Filter>
    </ClInclude>
    <ClInclude Include="include\KHR\khrplatform.h">
      <Filter>glad</Filter>
    </ClInclude>
    <ClInclude Include="src\imgui_impl_dx9.h">
      <Filter>ImGui\backend</Filter>
    </ClInclude>
    <ClInclude Include="src\imgui_impl_dx10.h">
      <Filter>ImGui\backend</Filter>
    </ClInclude>
    <ClInclude Include="src\imgui_impl_dx11.h">
      <Filter>ImGui\backend</Filter>
    </ClInclude>
    <ClInclude Include="src\imgui_impl_dx12.h">
      <Filter>ImGui\backend</Filter>
    </ClInclude>
    <ClInclude Include="src\imgui_impl_glfw.h">
      <Filter>ImGui\backend</Filter>
    </ClInclude>
    <ClInclude Include="src\imgui_impl_metal.h">
      <Filter>ImGui\backend</Filter>
    </ClInclude>
    <ClInclude Include="src\imgui_impl_opengl2.h">
      <Filter>ImGui\backend</Filter>
    </ClInclude>
    <ClInclude Include="src\imgui_impl_opengl3.h">
      <Filter>ImGui\backend</Filter>
    </ClInclude>
    <ClInclude Include="src\imgui_impl_opengl3_loader.h">
      <Filter>ImGui\backend</Filter>
    </ClInclude>
    <ClInclude Include="src\imgui_impl_osx.h">
      <Filter>ImGui\backend</Filter>
    </ClInclude>
    <ClInclude Include="src\imgui_impl_win32.h">
      <Filter>ImGui\backend</Filter>
    </ClInclude>
    <ClInclude Include="include\angles.h">
      <Filter>CS200_OPENGL_CODE\angle</Filter>
    </ClInclude>
    <ClInclude Include="include\color3.h">
      <Filter>CS200_OPENGL_CODE\color</Filter>
    </ClInclude>
    <ClInclude Include="include\glCheck.h">
      <Filter>CS200_OPENGL_CODE\glCheck</Filter>
    </ClInclude>
    <ClInclude Include="include\GLHandle.h">
      <Filter>CS200_OPENGL_CODE\handle</Filter>
    </ClInclude>
    <ClInclude Include="include\GLIndexBuffer.h">
      <Filter>CS200_OPENGL_CODE\IndexBuffer</Filter>
    </ClInclude>
    <ClInclude Include="include\GLShader.h">
      <Filter>CS200_OPENGL_CODE\Shader</Filter>
    </ClInclude>
    <ClInclude Include="include\GLVertexArray.h">
      <Filter>CS200_OPENGL_CODE\VertexArray</Filter>
    </ClInclude>
    <ClInclude Include="include\GLVertexBuffer.h">
      <Filter>CS200_OPENGL_CODE\VertexBuffer</Filter>
    </ClInclude>
    <ClInclude Include="include\mat3.h">
      <Filter>CS200_OPENGL_CODE\mat3</Filter>
    </ClInclude>
    <ClInclude Include="include\not_null.h">
      <Filter>CS200_OPENGL_CODE\not_null</Filter>
    </ClInclude>
    <ClInclude Include="include\owner.h">
      <Filter>CS200_OPENGL_CODE\ownership</Filter>
    </ClInclude>
    <ClInclude Include="include\Random.h">
      <Filter>CS200_OPENGL_CODE\Random</Filter>
    </ClInclude>
    <ClInclude Include="include\vec2.h">
      <Filter>CS200_OPENGL_CODE\Vector</Filter>
    </ClInclude>
    <ClInclude Include="include\vec3.h">
      <Filter>CS200_OPENGL_CODE\Vector</Filter>
    </ClInclude>
  </ItemGroup>
  <ItemGroup>
    <ClCompile Include="src\ImGuiHelper.cpp">
      <Filter>ImGuiHelper</Filter>
    </ClCompile>
    <ClCompile Include="include\imgui.cpp">
      <Filter>ImGui</Filter>
    </ClCompile>
    <ClCompile Include="include\imgui_demo.cpp">
      <Filter>ImGui</Filter>
    </ClCompile>
    <ClCompile Include="include\imgui_draw.cpp">
      <Filter>ImGui</Filter>
    </ClCompile>
    <ClCompile Include="include\imgui_tables.cpp">
      <Filter>ImGui</Filter>
    </ClCompile>
    <ClCompile Include="include\imgui_widgets.cpp">
      <Filter>ImGui</Filter>
    </ClCompile>
    <ClCompile Include="src\opengl-Window.cpp">
      <Filter>window</Filter>
    </ClCompile>
    <ClCompile Include="src\glad.c">
      <Filter>glad</Filter>
    </ClCompile>
    <ClCompile Include="src\imgui_impl_dx9.cpp">
      <Filter>ImGui\backend</Filter>
    </ClCompile>
    <ClCompile Include="src\imgui_impl_dx10.cpp">
      <Filter>ImGui\backend</Filter>
    </ClCompile>
    <ClCompile Include="src\imgui_impl_dx11.cpp">
      <Filter>ImGui\backend</Filter>
    </ClCompile>
    <ClCompile Include="src\imgui_impl_dx12.cpp">
      <Filter>ImGui\backend</Filter>
    </ClCompile>
    <ClCompile Include="src\imgui_impl_glfw.cpp">
      <Filter>ImGui\backend</Filter>
    </ClCompile>
    <ClCompile Include="src\imgui_impl_opengl2.cpp">
      <Filter>ImGui\backend</Filter>
    </ClCompile>
    <ClCompile Include="src\imgui_impl_opengl3.cpp">
      <Filter>ImGui\backend</Filter>
    </ClCompile>
    <ClCompile Include="src\imgui_impl_win32.cpp">
      <Filter>ImGui\backend</Filter>
    </ClCompile>
    <ClCompile Include="src\glCheck.cpp">
      <Filter>CS200_OPENGL_CODE\glCheck</Filter>
    </ClCompile>
    <ClCompile Include="src\GLIndexBuffer.cpp">
      <Filter>CS200_OPENGL_CODE\IndexBuffer</Filter>
    </ClCompile>
    <ClCompile Include="src\GLShader.cpp">
      <Filter>CS200_OPENGL_CODE\Shader</Filter>
    </ClCompile>
    <ClCompile Include="src\GLVertexArray.cpp">
      <Filter>CS200_OPENGL_CODE\VertexArray</Filter>
    </ClCompile>
    <ClCompile Include="src\GLVertexBuffer.cpp">
      <Filter>CS200_OPENGL_CODE\VertexBuffer</Filter>
    </ClCompile>
    <ClCompile Include="src\mat3.cpp">
      <Filter>CS200_OPENGL_CODE\mat3</Filter>
    </ClCompile>
    <ClCompile Include="src\Random.cpp">
      <Filter>CS200_OPENGL_CODE\Random</Filter>
    </ClCompile>
    <ClCompile Include="src\vec2.cpp">
      <Filter>CS200_OPENGL_CODE\Vector</Filter>
    </ClCompile>
  </ItemGroup>
  <ItemGroup>
    <None Include="src\imgui_impl_metal.mm">
      <Filter>ImGui\backend</Filter>
    </None>
    <None Include="src\imgui_impl_osx.mm">
      <Filter>ImGui\backend</Filter>
    </None>
  </ItemGroup>
</Project>