<?xml version="1.0" encoding="utf-8"?>
<Project ToolsVersion="4.0" xmlns="http://schemas.microsoft.com/developer/msbuild/2003">
  <ItemGroup>
    <Filter Include="window">
      <UniqueIdentifier>{d0a4179d-c061-400c-a34d-b6025968cd50}</UniqueIdentifier>
    </Filter>
    <Filter Include="ImGuiHelper">
      <UniqueIdentifier>{bc3593dc-9351-4a4f-94ee-a1114b1c556b}</UniqueIdentifier>
    </Filter>
    <Filter Include="ImGui">
      <UniqueIdentifier>{5c100a07-c48e-4b97-b552-103f9d6b2362}</UniqueIdentifier>
    </Filter>
    <Filter Include="glad">
      <UniqueIdentifier>{ddfe2a24-7cac-408b-8eda-d7438d45b3b2}</UniqueIdentifier>
    </Filter>
    <Filter Include="ImGui\backend">
      <UniqueIdentifier>{7c2fc0c3-c16e-4945-bef2-4db53e7b5b8e}</UniqueIdentifier>
    </Filter>
  </ItemGroup>
  <ItemGroup>
    <ClInclude Include="include\ImGuiHelper.h">
      <Filter>ImGuiHelper</Filter>
    </ClInclude>
    <ClInclude Include="include\imconfig.h">
      <Filter>ImGui</Filter>
    </ClInclude>
    <ClInclude Include="include\imgui.h">
      <Filter>ImGui</Filter>
    </ClInclude>
    <ClInclude Include="include\imgui_internal.h">
      <Filter>ImGui</Filter>
    </ClInclude>
    <ClInclude Include="include\imstb_rectpack.h">
      <Filter>ImGui</Filter>
    </ClInclude>
    <ClInclude Include="include\imstb_textedit.h">
      <Filter>ImGui</Filter>
    </ClInclude>
    <ClInclude Include="include\imstb_truetype.h">
      <Filter>ImGui</Filter>
    </ClInclude>
    <ClInclude Include="include\opengl-window.h">
      <Filter>window</Filter>
    </ClInclude>
    <ClInclude Include="include\glad\glad.h">
      <Filter>glad</Filter>
    </ClInclude>
    <ClInclude Include="include\KHR\khrplatform.h">
      <Filter>glad</Filter>
    </ClInclude>
    <ClInclude Include="src\imgui_impl_dx9.h">
      <Filter>ImGui\backend</Filter>
    </ClInclude>
    <ClInclude Include="src\imgui_impl_dx10.h">
      <Filter>ImGui\backend</Filter>
    </ClInclude>
    <ClInclude Include="src\imgui_impl_dx11.h">
      <Filter>ImGui\backend</Filter>
    </ClInclude>
    <ClInclude Include="src\imgui_impl_dx12.h">
      <Filter>ImGui\backend</Filter>
    </ClInclude>
    <ClInclude Include="src\imgui_impl_glfw.h">
      <Filter>ImGui\backend</Filter>
    </ClInclude>
    <ClInclude Include="src\imgui_impl_metal.h">
      <Filter>ImGui\backend</Filter>
    </ClInclude>
    <ClInclude Include="src\imgui_impl_opengl2.h">
      <Filter>ImGui\backend</Filter>
    </ClInclude>
    <ClInclude Include="src\imgui_impl_opengl3.h">
      <Filter>ImGui\backend</Filter>
    </ClInclude>
    <ClInclude Include="src\imgui_impl_opengl3_loader.h">
      <Filter>ImGui\backend</Filter>
    </ClInclude>
    <ClInclude Include="src\imgui_impl_osx.h">
      <Filter>ImGui\backend</Filter>
    </ClInclude>
    <ClInclude Include="src\imgui_impl_win32.h">
      <Filter>ImGui\backend</Filter>
    </ClInclude>
  </ItemGroup>
  <ItemGroup>
    <ClCompile Include="src\ImGuiHelper.cpp">
      <Filter>ImGuiHelper</Filter>
    </ClCompile>
    <ClCompile Include="include\imgui.cpp">
      <Filter>ImGui</Filter>
    </ClCompile>
    <ClCompile Include="include\imgui_demo.cpp">
      <Filter>ImGui</Filter>
    </ClCompile>
    <ClCompile Include="include\imgui_draw.cpp">
      <Filter>ImGui</Filter>
    </ClCompile>
    <ClCompile Include="include\imgui_tables.cpp">
      <Filter>ImGui</Filter>
    </ClCompile>
    <ClCompile Include="include\imgui_widgets.cpp">
      <Filter>ImGui</Filter>
    </ClCompile>
    <ClCompile Include="src\opengl-Window.cpp">
      <Filter>window</Filter>
    </ClCompile>
    <ClCompile Include="src\glad.c">
      <Filter>glad</Filter>
    </ClCompile>
    <ClCompile Include="src\imgui_impl_dx9.cpp">
      <Filter>ImGui\backend</Filter>
    </ClCompile>
    <ClCompile Include="src\imgui_impl_dx10.cpp">
      <Filter>ImGui\backend</Filter>
    </ClCompile>
    <ClCompile Include="src\imgui_impl_dx11.cpp">
      <Filter>ImGui\backend</Filter>
    </ClCompile>
    <ClCompile Include="src\imgui_impl_dx12.cpp">
      <Filter>ImGui\backend</Filter>
    </ClCompile>
    <ClCompile Include="src\imgui_impl_glfw.cpp">
      <Filter>ImGui\backend</Filter>
    </ClCompile>
    <ClCompile Include="src\imgui_impl_opengl2.cpp">
      <Filter>ImGui\backend</Filter>
    </ClCompile>
    <ClCompile Include="src\imgui_impl_opengl3.cpp">
      <Filter>ImGui\backend</Filter>
    </ClCompile>
    <ClCompile Include="src\imgui_impl_win32.cpp">
      <Filter>ImGui\backend</Filter>
    </ClCompile>
  </ItemGroup>
  <ItemGroup>
    <None Include="src\imgui_impl_metal.mm">
      <Filter>ImGui\backend</Filter>
    </None>
    <None Include="src\imgui_impl_osx.mm">
      <Filter>ImGui\backend</Filter>
    </None>
  </ItemGroup>
</Project>