
Microsoft Visual Studio Solution File, Format Version 12.00
# Visual Studio Version 17
VisualStudioVersion = 17.12.35527.113
MinimumVisualStudioVersion = 10.0.40219.1
Project("{8BC9CEB8-8B4A-11D0-8D11-00A0C91BC942}") = "Graphics", "Graphics\Graphics.vcxproj", "{4967E2C4-F815-42B7-AD75-11E76637E308}"
EndProject
Project("{8BC9CEB8-8B4A-11D0-8D11-00A0C91BC942}") = "Physics", "Physics\Physics.vcxproj", "{E3D266FF-AFCD-4E48-9405-2A3D568B58E0}"
EndProject
Project("{8BC9CEB8-8B4A-11D0-8D11-00A0C91BC942}") = "Math", "Math\Math.vcxproj", "{567E55B9-FBA6-4CB6-A0CA-E654BA86488D}"
EndProject
Project("{8BC9CEB8-8B4A-11D0-8D11-00A0C91BC942}") = "Engine", "Engine\Engine.vcxproj", "{6E8C3AFF-FA28-40FD-8D5B-7A9B3D465B53}"
EndProject
Project("{8BC9CEB8-8B4A-11D0-8D11-00A0C91BC942}") = "Game", "Game\Game.vcxproj", "{0811ECCA-CFFE-4982-9F77-2C86AAA98A2B}"
EndProject
Global
	GlobalSection(SolutionConfigurationPlatforms) = preSolution
		Debug|x64 = Debug|x64
		Debug|x86 = Debug|x86
		Release|x64 = Release|x64
		Release|x86 = Release|x86
	EndGlobalSection
	GlobalSection(ProjectConfigurationPlatforms) = postSolution
		{4967E2C4-F815-42B7-AD75-11E76637E308}.Debug|x64.ActiveCfg = Debug|x64
		{4967E2C4-F815-42B7-AD75-11E76637E308}.Debug|x64.Build.0 = Debug|x64
		{4967E2C4-F815-42B7-AD75-11E76637E308}.Debug|x86.ActiveCfg = Debug|Win32
		{4967E2C4-F815-42B7-AD75-11E76637E308}.Debug|x86.Build.0 = Debug|Win32
		{4967E2C4-F815-42B7-AD75-11E76637E308}.Release|x64.ActiveCfg = Release|x64
		{4967E2C4-F815-42B7-AD75-11E76637E308}.Release|x64.Build.0 = Release|x64
		{4967E2C4-F815-42B7-AD75-11E76637E308}.Release|x86.ActiveCfg = Release|Win32
		{4967E2C4-F815-42B7-AD75-11E76637E308}.Release|x86.Build.0 = Release|Win32
		{E3D266FF-AFCD-4E48-9405-2A3D568B58E0}.Debug|x64.ActiveCfg = Debug|x64
		{E3D266FF-AFCD-4E48-9405-2A3D568B58E0}.Debug|x64.Build.0 = Debug|x64
		{E3D266FF-AFCD-4E48-9405-2A3D568B58E0}.Debug|x86.ActiveCfg = Debug|Win32
		{E3D266FF-AFCD-4E48-9405-2A3D568B58E0}.Debug|x86.Build.0 = Debug|Win32
		{E3D266FF-AFCD-4E48-9405-2A3D568B58E0}.Release|x64.ActiveCfg = Release|x64
		{E3D266FF-AFCD-4E48-9405-2A3D568B58E0}.Release|x64.Build.0 = Release|x64
		{E3D266FF-AFCD-4E48-9405-2A3D568B58E0}.Release|x86.ActiveCfg = Release|Win32
		{E3D266FF-AFCD-4E48-9405-2A3D568B58E0}.Release|x86.Build.0 = Release|Win32
		{567E55B9-FBA6-4CB6-A0CA-E654BA86488D}.Debug|x64.ActiveCfg = Debug|x64
		{567E55B9-FBA6-4CB6-A0CA-E654BA86488D}.Debug|x64.Build.0 = Debug|x64
		{567E55B9-FBA6-4CB6-A0CA-E654BA86488D}.Debug|x86.ActiveCfg = Debug|Win32
		{567E55B9-FBA6-4CB6-A0CA-E654BA86488D}.Debug|x86.Build.0 = Debug|Win32
		{567E55B9-FBA6-4CB6-A0CA-E654BA86488D}.Release|x64.ActiveCfg = Release|x64
		{567E55B9-FBA6-4CB6-A0CA-E654BA86488D}.Release|x64.Build.0 = Release|x64
		{567E55B9-FBA6-4CB6-A0CA-E654BA86488D}.Release|x86.ActiveCfg = Release|Win32
		{567E55B9-FBA6-4CB6-A0CA-E654BA86488D}.Release|x86.Build.0 = Release|Win32
		{6E8C3AFF-FA28-40FD-8D5B-7A9B3D465B53}.Debug|x64.ActiveCfg = Debug|x64
		{6E8C3AFF-FA28-40FD-8D5B-7A9B3D465B53}.Debug|x64.Build.0 = Debug|x64
		{6E8C3AFF-FA28-40FD-8D5B-7A9B3D465B53}.Debug|x86.ActiveCfg = Debug|Win32
		{6E8C3AFF-FA28-40FD-8D5B-7A9B3D465B53}.Debug|x86.Build.0 = Debug|Win32
		{6E8C3AFF-FA28-40FD-8D5B-7A9B3D465B53}.Release|x64.ActiveCfg = Release|x64
		{6E8C3AFF-FA28-40FD-8D5B-7A9B3D465B53}.Release|x64.Build.0 = Release|x64
		{6E8C3AFF-FA28-40FD-8D5B-7A9B3D465B53}.Release|x86.ActiveCfg = Release|Win32
		{6E8C3AFF-FA28-40FD-8D5B-7A9B3D465B53}.Release|x86.Build.0 = Release|Win32
		{0811ECCA-CFFE-4982-9F77-2C86AAA98A2B}.Debug|x64.ActiveCfg = Debug|x64
		{0811ECCA-CFFE-4982-9F77-2C86AAA98A2B}.Debug|x64.Build.0 = Debug|x64
		{0811ECCA-CFFE-4982-9F77-2C86AAA98A2B}.Debug|x86.ActiveCfg = Debug|Win32
		{0811ECCA-CFFE-4982-9F77-2C86AAA98A2B}.Debug|x86.Build.0 = Debug|Win32
		{0811ECCA-CFFE-4982-9F77-2C86AAA98A2B}.Release|x64.ActiveCfg = Release|x64
		{0811ECCA-CFFE-4982-9F77-2C86AAA98A2B}.Release|x64.Build.0 = Release|x64
		{0811ECCA-CFFE-4982-9F77-2C86AAA98A2B}.Release|x86.ActiveCfg = Release|Win32
		{0811ECCA-CFFE-4982-9F77-2C86AAA98A2B}.Release|x86.Build.0 = Release|Win32
	EndGlobalSection
	GlobalSection(SolutionProperties) = preSolution
		HideSolutionNode = FALSE
	EndGlobalSection
EndGlobal
