<?xml version="1.0" encoding="utf-8"?>
<Project ToolsVersion="4.0" xmlns="http://schemas.microsoft.com/developer/msbuild/2003">
  <ItemGroup>
    <Filter Include="Logger">
      <UniqueIdentifier>{de096b19-de60-4139-bc69-ab4b7f6f5fc4}</UniqueIdentifier>
    </Filter>
    <Filter Include="window">
      <UniqueIdentifier>{2d27a9a4-0e48-4b33-972a-760ac4c511d0}</UniqueIdentifier>
    </Filter>
    <Filter Include="Engine">
      <UniqueIdentifier>{0d1bf1de-0341-482d-8b67-aeca5c04495a}</UniqueIdentifier>
    </Filter>
    <Filter Include="GameStateManager">
      <UniqueIdentifier>{8a6ab11d-60ca-4ccc-82a6-d241df5bbf00}</UniqueIdentifier>
    </Filter>
    <Filter Include="GameState">
      <UniqueIdentifier>{e6156b6b-6c70-4681-8f52-f59bbb5dfaa6}</UniqueIdentifier>
    </Filter>
    <Filter Include="Event">
      <UniqueIdentifier>{7002e4d1-d537-413e-b3b7-975075db4dbf}</UniqueIdentifier>
    </Filter>
    <Filter Include="Input">
      <UniqueIdentifier>{ee9f9f36-c64c-49ac-9088-d933ef13b221}</UniqueIdentifier>
    </Filter>
    <Filter Include="Timing">
      <UniqueIdentifier>{1c8bc7c1-4ef1-46fc-833b-e92fb4dcc9a5}</UniqueIdentifier>
    </Filter>
    <Filter Include="EngineSystem">
      <UniqueIdentifier>{a5bcd364-dcb8-46a9-9c8b-d579c2877386}</UniqueIdentifier>
    </Filter>
    <Filter Include="TextureManager">
      <UniqueIdentifier>{991de914-c79f-474e-843b-713cbf6082c9}</UniqueIdentifier>
    </Filter>
    <Filter Include="ShaderManager">
      <UniqueIdentifier>{2f9de10d-b283-44ea-b2c0-5aac19a7163b}</UniqueIdentifier>
    </Filter>
    <Filter Include="ShaderWatcher">
      <UniqueIdentifier>{bbf38762-e274-4ea0-a562-a23147a0bc33}</UniqueIdentifier>
    </Filter>
  </ItemGroup>
  <ItemGroup>
    <ClInclude Include="include\Logger.h">
      <Filter>Logger</Filter>
    </ClInclude>
    <ClInclude Include="include\Window.h">
      <Filter>window</Filter>
    </ClInclude>
    <ClInclude Include="include\Engine.h">
      <Filter>Engine</Filter>
    </ClInclude>
    <ClInclude Include="include\GaemStateManager.h">
      <Filter>GameStateManager</Filter>
    </ClInclude>
    <ClInclude Include="include\GameState.h">
      <Filter>GameState</Filter>
    </ClInclude>
    <ClInclude Include="include\event.h">
      <Filter>Event</Filter>
    </ClInclude>
    <ClInclude Include="include\Input.h">
      <Filter>Input</Filter>
    </ClInclude>
    <ClInclude Include="include\Timing.h">
      <Filter>Timing</Filter>
    </ClInclude>
    <ClInclude Include="include\WindowSystem.h">
      <Filter>EngineSystem</Filter>
    </ClInclude>
    <ClInclude Include="include\TextureManager.h">
      <Filter>TextureManager</Filter>
    </ClInclude>
    <ClInclude Include="include\ShaderManager.h">
      <Filter>ShaderManager</Filter>
    </ClInclude>
    <ClInclude Include="include\ShaderWatcher.h">
      <Filter>ShaderWatcher</Filter>
    </ClInclude>
  </ItemGroup>
  <ItemGroup>
    <ClCompile Include="src\Logger.cpp">
      <Filter>Logger</Filter>
    </ClCompile>
    <ClCompile Include="src\Window.cpp">
      <Filter>window</Filter>
    </ClCompile>
    <ClCompile Include="src\Engine.cpp">
      <Filter>Engine</Filter>
    </ClCompile>
    <ClCompile Include="src\GameStateManager.cpp">
      <Filter>GameStateManager</Filter>
    </ClCompile>
    <ClCompile Include="src\Input.cpp">
      <Filter>Input</Filter>
    </ClCompile>
    <ClCompile Include="src\Timing.cpp">
      <Filter>Timing</Filter>
    </ClCompile>
    <ClCompile Include="src\TextureManager.cpp">
      <Filter>TextureManager</Filter>
    </ClCompile>
    <ClCompile Include="src\ShaderManager.cpp">
      <Filter>ShaderManager</Filter>
    </ClCompile>
    <ClCompile Include="src\ShaderWatcher.cpp">
      <Filter>ShaderWatcher</Filter>
    </ClCompile>
  </ItemGroup>
</Project>